{
  "object": {
    "pins": [
      {
        "package": "BoxSDK",
        "repositoryURL": "https://github.com/box/box-ios-sdk.git",
        "state": {
          "branch": null,
          "revision": "ec3acc7b31a9b3ea55a87f38e77476b09f0f6618",
          "version": "5.1.0"
        }
      }
    ]
  },
  "version": 1
}
