PODS:
  - box-ios-browse-sdk (1.0.4):
    - box-ios-sdk
    - MBProgressHUD (~> 0.9.1)
  - box-ios-preview-sdk (1.0.0):
    - box-ios-sdk
  - box-ios-sdk (1.0.8):
    - box-ios-sdk/logger (= 1.0.8)
    - box-ios-sdk/no-arc (= 1.0.8)
  - box-ios-sdk/logger (1.0.8)
  - box-ios-sdk/no-arc (1.0.8):
    - box-ios-sdk/logger
  - MBProgressHUD (0.9.1)

DEPENDENCIES:
  - box-ios-browse-sdk
  - box-ios-preview-sdk (from `../`)

EXTERNAL SOURCES:
  box-ios-preview-sdk:
    :path: ../

SPEC CHECKSUMS:
  box-ios-browse-sdk: ed7cee4ad46bf27eb360f0407362836741dca650
  box-ios-preview-sdk: 1ffbd541ffe7d851b3ee58b7f80a5a2ec3481205
  box-ios-sdk: 0b4b9e24c89fde0899ea140e24d78598b246b1d1
  MBProgressHUD: c47f2c166c126cf2ce36498d80f33e754d4e93ad

COCOAPODS: 0.37.2
